
Microsoft Visual Studio Solution File, Format Version 9.00
# Visual Studio 2005
Project("{8BC9CEB8-8B4A-11D0-8D11-00A0C91BC942}") = "IPAddressValid", "IPAddressValid.vcproj", "{04E2DF28-7532-4C96-9677-88B9BE2596A4}"
EndProject
Global
	GlobalSection(SolutionConfigurationPlatforms) = preSolution
		Debug|Win32 = Debug|Win32
		Release|Win32 = Release|Win32
	EndGlobalSection
	GlobalSection(ProjectConfigurationPlatforms) = postSolution
		{04E2DF28-7532-4C96-9677-88B9BE2596A4}.Debug|Win32.ActiveCfg = Debug|Win32
		{04E2DF28-7532-4C96-9677-88B9BE2596A4}.Debug|Win32.Build.0 = Debug|Win32
		{04E2DF28-7532-4C96-9677-88B9BE2596A4}.Release|Win32.ActiveCfg = Release|Win32
		{04E2DF28-7532-4C96-9677-88B9BE2596A4}.Release|Win32.Build.0 = Release|Win32
	EndGlobalSection
	GlobalSection(SolutionProperties) = preSolution
		HideSolutionNode = FALSE
	EndGlobalSection
EndGlobal
